
Microsoft Visual Studio Solution File, Format Version 11.00
# Visual Studio 2010
Project("{FAE04EC0-301F-11D3-BF4B-00C04F79EFBC}") = "Assembly-CSharp", "Assembly-CSharp.csproj", "{C99573B7-AC27-0D26-6FC4-99F82C976A00}"
EndProject
Project("{FAE04EC0-301F-11D3-BF4B-00C04F79EFBC}") = "Assembly-CSharp-firstpass", "Assembly-CSharp-firstpass.csproj", "{E99CFA6C-591E-F244-B96C-4AB253455316}"
EndProject
Project("{FAE04EC0-301F-11D3-BF4B-00C04F79EFBC}") = "Assembly-CSharp-Editor-firstpass", "Assembly-CSharp-Editor-firstpass.csproj", "{2E10ED50-1E05-26E9-8168-B59D272BA801}"
EndProject
Global
	GlobalSection(SolutionConfigurationPlatforms) = preSolution
		Debug|Any CPU = Debug|Any CPU
		Release|Any CPU = Release|Any CPU
	EndGlobalSection
	GlobalSection(ProjectConfigurationPlatforms) = postSolution
		{C99573B7-AC27-0D26-6FC4-99F82C976A00}.Debug|Any CPU.ActiveCfg = Debug|Any CPU
		{C99573B7-AC27-0D26-6FC4-99F82C976A00}.Debug|Any CPU.Build.0 = Debug|Any CPU
		{C99573B7-AC27-0D26-6FC4-99F82C976A00}.Release|Any CPU.ActiveCfg = Release|Any CPU
		{C99573B7-AC27-0D26-6FC4-99F82C976A00}.Release|Any CPU.Build.0 = Release|Any CPU
		{E99CFA6C-591E-F244-B96C-4AB253455316}.Debug|Any CPU.ActiveCfg = Debug|Any CPU
		{E99CFA6C-591E-F244-B96C-4AB253455316}.Debug|Any CPU.Build.0 = Debug|Any CPU
		{E99CFA6C-591E-F244-B96C-4AB253455316}.Release|Any CPU.ActiveCfg = Release|Any CPU
		{E99CFA6C-591E-F244-B96C-4AB253455316}.Release|Any CPU.Build.0 = Release|Any CPU
		{2E10ED50-1E05-26E9-8168-B59D272BA801}.Debug|Any CPU.ActiveCfg = Debug|Any CPU
		{2E10ED50-1E05-26E9-8168-B59D272BA801}.Debug|Any CPU.Build.0 = Debug|Any CPU
		{2E10ED50-1E05-26E9-8168-B59D272BA801}.Release|Any CPU.ActiveCfg = Release|Any CPU
		{2E10ED50-1E05-26E9-8168-B59D272BA801}.Release|Any CPU.Build.0 = Release|Any CPU
	EndGlobalSection
	GlobalSection(SolutionProperties) = preSolution
		HideSolutionNode = FALSE
	EndGlobalSection
EndGlobal
